
Microsoft Visual Studio Solution File, Format Version 12.00
# Visual Studio Version 16
VisualStudioVersion = 16.0.31129.286
MinimumVisualStudioVersion = 10.0.40219.1
Project("{FAE04EC0-301F-11D3-BF4B-00C04F79EFBC}") = "HOLA MUNDO", "HOLA MUNDO\HOLA MUNDO.csproj", "{1585E79B-F181-466E-83DF-F157335A8011}"
EndProject
Global
	GlobalSection(SolutionConfigurationPlatforms) = preSolution
		Debug|Any CPU = Debug|Any CPU
		Release|Any CPU = Release|Any CPU
	EndGlobalSection
	GlobalSection(ProjectConfigurationPlatforms) = postSolution
		{1585E79B-F181-466E-83DF-F157335A8011}.Debug|Any CPU.ActiveCfg = Debug|Any CPU
		{1585E79B-F181-466E-83DF-F157335A8011}.Debug|Any CPU.Build.0 = Debug|Any CPU
		{1585E79B-F181-466E-83DF-F157335A8011}.Release|Any CPU.ActiveCfg = Release|Any CPU
		{1585E79B-F181-466E-83DF-F157335A8011}.Release|Any CPU.Build.0 = Release|Any CPU
	EndGlobalSection
	GlobalSection(SolutionProperties) = preSolution
		HideSolutionNode = FALSE
	EndGlobalSection
	GlobalSection(ExtensibilityGlobals) = postSolution
		SolutionGuid = {E00428BC-29B1-4429-8567-42EC590A3FD9}
	EndGlobalSection
EndGlobal
